
Microsoft Visual Studio Solution File, Format Version 12.00
# Visual Studio Version 16
VisualStudioVersion = 16.0.30011.22
MinimumVisualStudioVersion = 10.0.40219.1
Project("{9A19103F-16F7-4668-BE54-9A1E7A4F7556}") = "ControleVeicular", "ControleVeicular.csproj", "{F279D1FD-D7FC-4CB8-BDA0-F8B8393C12E2}"
EndProject
Global
	GlobalSection(SolutionConfigurationPlatforms) = preSolution
		Debug|Any CPU = Debug|Any CPU
		Release|Any CPU = Release|Any CPU
	EndGlobalSection
	GlobalSection(ProjectConfigurationPlatforms) = postSolution
		{F279D1FD-D7FC-4CB8-BDA0-F8B8393C12E2}.Debug|Any CPU.ActiveCfg = Debug|Any CPU
		{F279D1FD-D7FC-4CB8-BDA0-F8B8393C12E2}.Debug|Any CPU.Build.0 = Debug|Any CPU
		{F279D1FD-D7FC-4CB8-BDA0-F8B8393C12E2}.Release|Any CPU.ActiveCfg = Release|Any CPU
		{F279D1FD-D7FC-4CB8-BDA0-F8B8393C12E2}.Release|Any CPU.Build.0 = Release|Any CPU
	EndGlobalSection
	GlobalSection(SolutionProperties) = preSolution
		HideSolutionNode = FALSE
	EndGlobalSection
	GlobalSection(ExtensibilityGlobals) = postSolution
		SolutionGuid = {F9448963-4B8B-4593-9EC6-20C3895BC976}
	EndGlobalSection
EndGlobal
